
Microsoft Visual Studio Solution File, Format Version 12.00
# Visual Studio Version 17
VisualStudioVersion = 17.11.35222.181
MinimumVisualStudioVersion = 10.0.40219.1
Project("{9A19103F-16F7-4668-BE54-9A1E7A4F7556}") = "HospitalRegistry.Core", "..\HospitalRegistry.Core\HospitalRegistry.Core.csproj", "{A99C4C26-A562-4F29-A1D8-0CFFCF1D8D3D}"
EndProject
Project("{9A19103F-16F7-4668-BE54-9A1E7A4F7556}") = "HospitalRegistry.BLL", "..\ClassLibrary1HospitalRegistry.BLL\HospitalRegistry.BLL.csproj", "{91AC10B0-87BB-43F9-AAE5-6889A6F272BE}"
EndProject
Project("{9A19103F-16F7-4668-BE54-9A1E7A4F7556}") = "HospitalRegistry.DAL", "..\HospitalRegistry.DAL\HospitalRegistry.DAL.csproj", "{4F2E0618-7B45-40DB-8A11-8FC887DFBB1B}"
EndProject
Project("{9A19103F-16F7-4668-BE54-9A1E7A4F7556}") = "HospitalRegistry.PL", "..\HospitalRegistry.PL\HospitalRegistry.PL.csproj", "{8D311823-92C5-4FD9-B68B-F57A56597A90}"
EndProject
Project("{FAE04EC0-301F-11D3-BF4B-00C04F79EFBC}") = "HospitalRegistry.Tests", "HospitalRegistry.Tests\HospitalRegistry.Tests.csproj", "{B33D48B0-3451-4181-9608-67D053C0A61E}"
EndProject
Global
	GlobalSection(SolutionConfigurationPlatforms) = preSolution
		Debug|Any CPU = Debug|Any CPU
		Release|Any CPU = Release|Any CPU
	EndGlobalSection
	GlobalSection(ProjectConfigurationPlatforms) = postSolution
		{A99C4C26-A562-4F29-A1D8-0CFFCF1D8D3D}.Debug|Any CPU.ActiveCfg = Debug|Any CPU
		{A99C4C26-A562-4F29-A1D8-0CFFCF1D8D3D}.Debug|Any CPU.Build.0 = Debug|Any CPU
		{A99C4C26-A562-4F29-A1D8-0CFFCF1D8D3D}.Release|Any CPU.ActiveCfg = Release|Any CPU
		{A99C4C26-A562-4F29-A1D8-0CFFCF1D8D3D}.Release|Any CPU.Build.0 = Release|Any CPU
		{91AC10B0-87BB-43F9-AAE5-6889A6F272BE}.Debug|Any CPU.ActiveCfg = Debug|Any CPU
		{91AC10B0-87BB-43F9-AAE5-6889A6F272BE}.Debug|Any CPU.Build.0 = Debug|Any CPU
		{91AC10B0-87BB-43F9-AAE5-6889A6F272BE}.Release|Any CPU.ActiveCfg = Release|Any CPU
		{91AC10B0-87BB-43F9-AAE5-6889A6F272BE}.Release|Any CPU.Build.0 = Release|Any CPU
		{4F2E0618-7B45-40DB-8A11-8FC887DFBB1B}.Debug|Any CPU.ActiveCfg = Debug|Any CPU
		{4F2E0618-7B45-40DB-8A11-8FC887DFBB1B}.Debug|Any CPU.Build.0 = Debug|Any CPU
		{4F2E0618-7B45-40DB-8A11-8FC887DFBB1B}.Release|Any CPU.ActiveCfg = Release|Any CPU
		{4F2E0618-7B45-40DB-8A11-8FC887DFBB1B}.Release|Any CPU.Build.0 = Release|Any CPU
		{8D311823-92C5-4FD9-B68B-F57A56597A90}.Debug|Any CPU.ActiveCfg = Debug|Any CPU
		{8D311823-92C5-4FD9-B68B-F57A56597A90}.Debug|Any CPU.Build.0 = Debug|Any CPU
		{8D311823-92C5-4FD9-B68B-F57A56597A90}.Release|Any CPU.ActiveCfg = Release|Any CPU
		{8D311823-92C5-4FD9-B68B-F57A56597A90}.Release|Any CPU.Build.0 = Release|Any CPU
		{B33D48B0-3451-4181-9608-67D053C0A61E}.Debug|Any CPU.ActiveCfg = Debug|Any CPU
		{B33D48B0-3451-4181-9608-67D053C0A61E}.Debug|Any CPU.Build.0 = Debug|Any CPU
		{B33D48B0-3451-4181-9608-67D053C0A61E}.Release|Any CPU.ActiveCfg = Release|Any CPU
		{B33D48B0-3451-4181-9608-67D053C0A61E}.Release|Any CPU.Build.0 = Release|Any CPU
	EndGlobalSection
	GlobalSection(SolutionProperties) = preSolution
		HideSolutionNode = FALSE
	EndGlobalSection
	GlobalSection(ExtensibilityGlobals) = postSolution
		SolutionGuid = {EEE63275-F570-49EE-94C1-A9956AAEF004}
	EndGlobalSection
EndGlobal
