
Microsoft Visual Studio Solution File, Format Version 12.00
# Visual Studio Version 17
VisualStudioVersion = 17.11.35222.181
MinimumVisualStudioVersion = 10.0.40219.1
Project("{9A19103F-16F7-4668-BE54-9A1E7A4F7556}") = "HospitalRegistry.Tests", "HospitalRegistry.Tests\HospitalRegistry.Tests.csproj", "{B33D48B0-3451-4181-9608-67D053C0A61E}"
EndProject
Project("{9A19103F-16F7-4668-BE54-9A1E7A4F7556}") = "HospitalRegistry.PL", "HospitalRegistry.PL\HospitalRegistry.PL.csproj", "{3AE6E661-B1E3-4F55-AE11-35593192D89D}"
EndProject
Project("{9A19103F-16F7-4668-BE54-9A1E7A4F7556}") = "HospitalRegistry.DAL", "HospitalRegistry.DAL\HospitalRegistry.DAL.csproj", "{83E308B5-D57E-48F8-8B71-514EBC0F1742}"
EndProject
Project("{9A19103F-16F7-4668-BE54-9A1E7A4F7556}") = "HospitalRegistry.BLL", "HospitalRegistry.BLL\HospitalRegistry.BLL.csproj", "{B03ED107-B56E-4F07-A23F-E63C0A6AB85E}"
EndProject
Project("{9A19103F-16F7-4668-BE54-9A1E7A4F7556}") = "HospitalRegistry.Core", "HospitalRegistry.Core\HospitalRegistry.Core.csproj", "{3D2FD814-0392-4882-91C5-5563E369072F}"
EndProject
Global
	GlobalSection(SolutionConfigurationPlatforms) = preSolution
		Debug|Any CPU = Debug|Any CPU
		Release|Any CPU = Release|Any CPU
	EndGlobalSection
	GlobalSection(ProjectConfigurationPlatforms) = postSolution
		{B33D48B0-3451-4181-9608-67D053C0A61E}.Debug|Any CPU.ActiveCfg = Debug|Any CPU
		{B33D48B0-3451-4181-9608-67D053C0A61E}.Debug|Any CPU.Build.0 = Debug|Any CPU
		{B33D48B0-3451-4181-9608-67D053C0A61E}.Release|Any CPU.ActiveCfg = Release|Any CPU
		{B33D48B0-3451-4181-9608-67D053C0A61E}.Release|Any CPU.Build.0 = Release|Any CPU
		{3AE6E661-B1E3-4F55-AE11-35593192D89D}.Debug|Any CPU.ActiveCfg = Debug|Any CPU
		{3AE6E661-B1E3-4F55-AE11-35593192D89D}.Debug|Any CPU.Build.0 = Debug|Any CPU
		{3AE6E661-B1E3-4F55-AE11-35593192D89D}.Release|Any CPU.ActiveCfg = Release|Any CPU
		{3AE6E661-B1E3-4F55-AE11-35593192D89D}.Release|Any CPU.Build.0 = Release|Any CPU
		{83E308B5-D57E-48F8-8B71-514EBC0F1742}.Debug|Any CPU.ActiveCfg = Debug|Any CPU
		{83E308B5-D57E-48F8-8B71-514EBC0F1742}.Debug|Any CPU.Build.0 = Debug|Any CPU
		{83E308B5-D57E-48F8-8B71-514EBC0F1742}.Release|Any CPU.ActiveCfg = Release|Any CPU
		{83E308B5-D57E-48F8-8B71-514EBC0F1742}.Release|Any CPU.Build.0 = Release|Any CPU
		{B03ED107-B56E-4F07-A23F-E63C0A6AB85E}.Debug|Any CPU.ActiveCfg = Debug|Any CPU
		{B03ED107-B56E-4F07-A23F-E63C0A6AB85E}.Debug|Any CPU.Build.0 = Debug|Any CPU
		{B03ED107-B56E-4F07-A23F-E63C0A6AB85E}.Release|Any CPU.ActiveCfg = Release|Any CPU
		{B03ED107-B56E-4F07-A23F-E63C0A6AB85E}.Release|Any CPU.Build.0 = Release|Any CPU
		{3D2FD814-0392-4882-91C5-5563E369072F}.Debug|Any CPU.ActiveCfg = Debug|Any CPU
		{3D2FD814-0392-4882-91C5-5563E369072F}.Debug|Any CPU.Build.0 = Debug|Any CPU
		{3D2FD814-0392-4882-91C5-5563E369072F}.Release|Any CPU.ActiveCfg = Release|Any CPU
		{3D2FD814-0392-4882-91C5-5563E369072F}.Release|Any CPU.Build.0 = Release|Any CPU
	EndGlobalSection
	GlobalSection(SolutionProperties) = preSolution
		HideSolutionNode = FALSE
	EndGlobalSection
	GlobalSection(ExtensibilityGlobals) = postSolution
		SolutionGuid = {EEE63275-F570-49EE-94C1-A9956AAEF004}
	EndGlobalSection
EndGlobal
